
Microsoft Visual Studio Solution File, Format Version 10.00
# Visual Studio 2008
Project("{E24C65DC-7377-472B-9ABA-BC803B73C61A}") = "DemoSite", "DemoSite", "{79469E70-6D11-41A9-8F06-B29F6DD6C650}"
	ProjectSection(WebsiteProperties) = preProject
		TargetFramework = "3.5"
		ProjectReferences = "{88C8B3FE-BF82-49C4-90B8-7884F613D923}|DemoControls.dll;"
		Debug.AspNetCompiler.VirtualPath = "/DemoSite"
		Debug.AspNetCompiler.PhysicalPath = "..\..\..\..\EmbeddedUserControl\DemoSite\"
		Debug.AspNetCompiler.TargetPath = "PrecompiledWeb\DemoSite\"
		Debug.AspNetCompiler.Updateable = "true"
		Debug.AspNetCompiler.ForceOverwrite = "true"
		Debug.AspNetCompiler.FixedNames = "false"
		Debug.AspNetCompiler.Debug = "True"
		Release.AspNetCompiler.VirtualPath = "/DemoSite"
		Release.AspNetCompiler.PhysicalPath = "..\..\..\..\EmbeddedUserControl\DemoSite\"
		Release.AspNetCompiler.TargetPath = "PrecompiledWeb\DemoSite\"
		Release.AspNetCompiler.Updateable = "true"
		Release.AspNetCompiler.ForceOverwrite = "true"
		Release.AspNetCompiler.FixedNames = "false"
		Release.AspNetCompiler.Debug = "False"
		VWDPort = "4648"
	EndProjectSection
EndProject
Project("{FAE04EC0-301F-11D3-BF4B-00C04F79EFBC}") = "DemoControls", "DemoControls\DemoControls.csproj", "{88C8B3FE-BF82-49C4-90B8-7884F613D923}"
EndProject
Global
	GlobalSection(SolutionConfigurationPlatforms) = preSolution
		Debug|.NET = Debug|.NET
		Debug|Any CPU = Debug|Any CPU
		Debug|Mixed Platforms = Debug|Mixed Platforms
		Release|.NET = Release|.NET
		Release|Any CPU = Release|Any CPU
		Release|Mixed Platforms = Release|Mixed Platforms
	EndGlobalSection
	GlobalSection(ProjectConfigurationPlatforms) = postSolution
		{79469E70-6D11-41A9-8F06-B29F6DD6C650}.Debug|.NET.ActiveCfg = Debug|.NET
		{79469E70-6D11-41A9-8F06-B29F6DD6C650}.Debug|.NET.Build.0 = Debug|.NET
		{79469E70-6D11-41A9-8F06-B29F6DD6C650}.Debug|Any CPU.ActiveCfg = Debug|.NET
		{79469E70-6D11-41A9-8F06-B29F6DD6C650}.Debug|Mixed Platforms.ActiveCfg = Debug|.NET
		{79469E70-6D11-41A9-8F06-B29F6DD6C650}.Debug|Mixed Platforms.Build.0 = Debug|.NET
		{79469E70-6D11-41A9-8F06-B29F6DD6C650}.Release|.NET.ActiveCfg = Debug|.NET
		{79469E70-6D11-41A9-8F06-B29F6DD6C650}.Release|.NET.Build.0 = Debug|.NET
		{79469E70-6D11-41A9-8F06-B29F6DD6C650}.Release|Any CPU.ActiveCfg = Debug|.NET
		{79469E70-6D11-41A9-8F06-B29F6DD6C650}.Release|Mixed Platforms.ActiveCfg = Debug|.NET
		{79469E70-6D11-41A9-8F06-B29F6DD6C650}.Release|Mixed Platforms.Build.0 = Debug|.NET
		{88C8B3FE-BF82-49C4-90B8-7884F613D923}.Debug|.NET.ActiveCfg = Debug|Any CPU
		{88C8B3FE-BF82-49C4-90B8-7884F613D923}.Debug|Any CPU.ActiveCfg = Debug|Any CPU
		{88C8B3FE-BF82-49C4-90B8-7884F613D923}.Debug|Any CPU.Build.0 = Debug|Any CPU
		{88C8B3FE-BF82-49C4-90B8-7884F613D923}.Debug|Mixed Platforms.ActiveCfg = Debug|Any CPU
		{88C8B3FE-BF82-49C4-90B8-7884F613D923}.Debug|Mixed Platforms.Build.0 = Debug|Any CPU
		{88C8B3FE-BF82-49C4-90B8-7884F613D923}.Release|.NET.ActiveCfg = Release|Any CPU
		{88C8B3FE-BF82-49C4-90B8-7884F613D923}.Release|Any CPU.ActiveCfg = Release|Any CPU
		{88C8B3FE-BF82-49C4-90B8-7884F613D923}.Release|Any CPU.Build.0 = Release|Any CPU
		{88C8B3FE-BF82-49C4-90B8-7884F613D923}.Release|Mixed Platforms.ActiveCfg = Release|Any CPU
		{88C8B3FE-BF82-49C4-90B8-7884F613D923}.Release|Mixed Platforms.Build.0 = Release|Any CPU
	EndGlobalSection
	GlobalSection(SolutionProperties) = preSolution
		HideSolutionNode = FALSE
	EndGlobalSection
EndGlobal
